lockfileVersion: '9.0'

settings:
  autoInstallPeers: true
  excludeLinksFromLockfile: false

importers:

  .:
    dependencies:
      '@automerge/automerge':
        specifier: 3.0.0-beta.0
        version: 3.0.0-beta.0
      '@automerge/automerge-codemirror':
        specifier: ^0.1.0
        version: 0.1.0
      '@automerge/vanillajs':
        specifier: ^2.0.0
        version: 2.0.0
      '@codemirror/lang-cpp':
        specifier: ^6.0.2
        version: 6.0.2
      '@codemirror/lang-css':
        specifier: ^6.3.1
        version: 6.3.1
      '@codemirror/lang-go':
        specifier: ^6.0.1
        version: 6.0.1
      '@codemirror/lang-html':
        specifier: ^6.4.9
        version: 6.4.9
      '@codemirror/lang-java':
        specifier: ^6.0.1
        version: 6.0.1
      '@codemirror/lang-javascript':
        specifier: ^6.2.2
        version: 6.2.4
      '@codemirror/lang-json':
        specifier: ^6.0.1
        version: 6.0.1
      '@codemirror/lang-less':
        specifier: ^6.0.2
        version: 6.0.2
      '@codemirror/lang-lezer':
        specifier: ^6.0.1
        version: 6.0.1
      '@codemirror/lang-liquid':
        specifier: ^6.2.2
        version: 6.2.3
      '@codemirror/lang-markdown':
        specifier: ^6.2.5
        version: 6.3.2
      '@codemirror/lang-php':
        specifier: ^6.0.1
        version: 6.0.1
      '@codemirror/lang-python':
        specifier: ^6.1.6
        version: 6.2.1
      '@codemirror/lang-rust':
        specifier: ^6.0.1
        version: 6.0.1
      '@codemirror/lang-sass':
        specifier: ^6.0.2
        version: 6.0.2
      '@codemirror/lang-sql':
        specifier: ^6.8.0
        version: 6.8.0
      '@codemirror/lang-vue':
        specifier: ^0.1.3
        version: 0.1.3
      '@codemirror/lang-wast':
        specifier: ^6.0.2
        version: 6.0.2
      '@codemirror/lang-xml':
        specifier: ^6.1.0
        version: 6.1.0
      '@codemirror/lang-yaml':
        specifier: ^6.1.2
        version: 6.1.2
      '@codemirror/language':
        specifier: ^6.10.2
        version: 6.11.0
      '@codemirror/state':
        specifier: ^6.4.1
        version: 6.5.2
      '@codemirror/view':
        specifier: ^6.28.2
        version: 6.36.8
      '@uiw/codemirror-theme-dracula':
        specifier: ^4.23.0
        version: 4.23.12(@codemirror/language@6.11.0)(@codemirror/state@6.5.2)(@codemirror/view@6.36.8)
      '@uiw/codemirror-theme-github':
        specifier: ^4.23.0
        version: 4.23.12(@codemirror/language@6.11.0)(@codemirror/state@6.5.2)(@codemirror/view@6.36.8)
      codemirror:
        specifier: ^6.0.1
        version: 6.0.1
    devDependencies:
      '@types/node':
        specifier: ^20.14.10
        version: 20.17.48

packages:

  '@automerge/automerge-codemirror@0.1.0':
    resolution: {integrity: sha512-9mQ7aecSlwYOGndAjLbgNk0uOJeKZdxmVNAgllf0SvsBXfeKcbf+NnvhJmRdNYY7CR4AtAw7W++Ew7t1PYs9RQ==}

  '@automerge/automerge-repo-network-broadcastchannel@2.0.0':
    resolution: {integrity: sha512-jVgDiywmrMAtD77JFxH7ZyCiS8DT5t6C0Ya9G3v+UyRID+3sK8WJHr+LHKX/Tkim9y3mazpHE1Arknrmb/YIiA==}

  '@automerge/automerge-repo-network-messagechannel@2.0.0':
    resolution: {integrity: sha512-KK5E/2v5Qfcjsgloqrwz9af/HDE12ItGEjSgM09QgodpwpVSVj/AxFu2jjIj9evsA2dpOw/AQbs/FfCmFS5cRQ==}

  '@automerge/automerge-repo-network-websocket@2.0.0':
    resolution: {integrity: sha512-Hd1FMMxezhlywzika5dgBsNN0ETZ4xjxVSCHuX2yI3vtdmDCOICBHKiY/t2ymnDPw+TKyBm0jXMQai2UVuSIMQ==}

  '@automerge/automerge-repo-storage-indexeddb@2.0.0':
    resolution: {integrity: sha512-Dka8WnVWWgK7+kSxwizrXGoUtvOPvFVJlGMpXAkvWC9z/9NEHKazkdjFkaMO+uiTGwp+w51xEeZ2gIqB3wgWoA==}

  '@automerge/automerge-repo@2.0.0':
    resolution: {integrity: sha512-c1VDrR6s8BE36m6xDcSC8f4ECccPcaK1E6q3vIlBHOEyyLvLQbFmlmFIZulaV//S0B0HW2lLSrK/2cFwQblQ+A==}

  '@automerge/automerge@2.2.9':
    resolution: {integrity: sha512-6HM52Ops79hAQBWMg/t0MNfGOdEiXyenQjO9F1hKZq0RWDsMLpPa1SzRy/C4/4UyX67sTHuA5CwBpH34SpfZlA==}

  '@automerge/automerge@3.0.0-beta.0':
    resolution: {integrity: sha512-0z4nTAZGbMzoqhIvrrOr/BfY/mE02L4dzGnYok3QiUlLdTO1bXktaGkNR670qz1JAfzTjMI9o51oI74UHYZN+g==}

  '@automerge/vanillajs@2.0.0':
    resolution: {integrity: sha512-rC5EOwDDW9dfcuH5PY3AEtTIZzloMtPTsdat4qx9gPSdlWuHHjP7Y5SYHmee0yxPWlHGdNhoHaesi4HXF4LDyw==}

  '@cbor-extract/cbor-extract-darwin-arm64@2.2.0':
    resolution: {integrity: sha512-P7swiOAdF7aSi0H+tHtHtr6zrpF3aAq/W9FXx5HektRvLTM2O89xCyXF3pk7pLc7QpaY7AoaE8UowVf9QBdh3w==}
    cpu: [arm64]
    os: [darwin]

  '@cbor-extract/cbor-extract-darwin-x64@2.2.0':
    resolution: {integrity: sha512-1liF6fgowph0JxBbYnAS7ZlqNYLf000Qnj4KjqPNW4GViKrEql2MgZnAsExhY9LSy8dnvA4C0qHEBgPrll0z0w==}
    cpu: [x64]
    os: [darwin]

  '@cbor-extract/cbor-extract-linux-arm64@2.2.0':
    resolution: {integrity: sha512-rQvhNmDuhjTVXSPFLolmQ47/ydGOFXtbR7+wgkSY0bdOxCFept1hvg59uiLPT2fVDuJFuEy16EImo5tE2x3RsQ==}
    cpu: [arm64]
    os: [linux]

  '@cbor-extract/cbor-extract-linux-arm@2.2.0':
    resolution: {integrity: sha512-QeBcBXk964zOytiedMPQNZr7sg0TNavZeuUCD6ON4vEOU/25+pLhNN6EDIKJ9VLTKaZ7K7EaAriyYQ1NQ05s/Q==}
    cpu: [arm]
    os: [linux]

  '@cbor-extract/cbor-extract-linux-x64@2.2.0':
    resolution: {integrity: sha512-cWLAWtT3kNLHSvP4RKDzSTX9o0wvQEEAj4SKvhWuOVZxiDAeQazr9A+PSiRILK1VYMLeDml89ohxCnUNQNQNCw==}
    cpu: [x64]
    os: [linux]

  '@cbor-extract/cbor-extract-win32-x64@2.2.0':
    resolution: {integrity: sha512-l2M+Z8DO2vbvADOBNLbbh9y5ST1RY5sqkWOg/58GkUPBYou/cuNZ68SGQ644f1CvZ8kcOxyZtw06+dxWHIoN/w==}
    cpu: [x64]
    os: [win32]

  '@codemirror/autocomplete@6.18.6':
    resolution: {integrity: sha512-PHHBXFomUs5DF+9tCOM/UoW6XQ4R44lLNNhRaW9PKPTU0D7lIjRg3ElxaJnTwsl/oHiR93WSXDBrekhoUGCPtg==}

  '@codemirror/commands@6.8.1':
    resolution: {integrity: sha512-KlGVYufHMQzxbdQONiLyGQDUW0itrLZwq3CcY7xpv9ZLRHqzkBSoteocBHtMCoY7/Ci4xhzSrToIeLg7FxHuaw==}

  '@codemirror/lang-cpp@6.0.2':
    resolution: {integrity: sha512-6oYEYUKHvrnacXxWxYa6t4puTlbN3dgV662BDfSH8+MfjQjVmP697/KYTDOqpxgerkvoNm7q5wlFMBeX8ZMocg==}

  '@codemirror/lang-css@6.3.1':
    resolution: {integrity: sha512-kr5fwBGiGtmz6l0LSJIbno9QrifNMUusivHbnA1H6Dmqy4HZFte3UAICix1VuKo0lMPKQr2rqB+0BkKi/S3Ejg==}

  '@codemirror/lang-go@6.0.1':
    resolution: {integrity: sha512-7fNvbyNylvqCphW9HD6WFnRpcDjr+KXX/FgqXy5H5ZS0eC5edDljukm/yNgYkwTsgp2busdod50AOTIy6Jikfg==}

  '@codemirror/lang-html@6.4.9':
    resolution: {integrity: sha512-aQv37pIMSlueybId/2PVSP6NPnmurFDVmZwzc7jszd2KAF8qd4VBbvNYPXWQq90WIARjsdVkPbw29pszmHws3Q==}

  '@codemirror/lang-java@6.0.1':
    resolution: {integrity: sha512-OOnmhH67h97jHzCuFaIEspbmsT98fNdhVhmA3zCxW0cn7l8rChDhZtwiwJ/JOKXgfm4J+ELxQihxaI7bj7mJRg==}

  '@codemirror/lang-javascript@6.2.4':
    resolution: {integrity: sha512-0WVmhp1QOqZ4Rt6GlVGwKJN3KW7Xh4H2q8ZZNGZaP6lRdxXJzmjm4FqvmOojVj6khWJHIb9sp7U/72W7xQgqAA==}

  '@codemirror/lang-json@6.0.1':
    resolution: {integrity: sha512-+T1flHdgpqDDlJZ2Lkil/rLiRy684WMLc74xUnjJH48GQdfJo/pudlTRreZmKwzP8/tGdKf83wlbAdOCzlJOGQ==}

  '@codemirror/lang-less@6.0.2':
    resolution: {integrity: sha512-EYdQTG22V+KUUk8Qq582g7FMnCZeEHsyuOJisHRft/mQ+ZSZ2w51NupvDUHiqtsOy7It5cHLPGfHQLpMh9bqpQ==}

  '@codemirror/lang-lezer@6.0.1':
    resolution: {integrity: sha512-WHwjI7OqKFBEfkunohweqA5B/jIlxaZso6Nl3weVckz8EafYbPZldQEKSDb4QQ9H9BUkle4PVELP4sftKoA0uQ==}

  '@codemirror/lang-liquid@6.2.3':
    resolution: {integrity: sha512-yeN+nMSrf/lNii3FJxVVEGQwFG0/2eDyH6gNOj+TGCa0hlNO4bhQnoO5ISnd7JOG+7zTEcI/GOoyraisFVY7jQ==}

  '@codemirror/lang-markdown@6.3.2':
    resolution: {integrity: sha512-c/5MYinGbFxYl4itE9q/rgN/sMTjOr8XL5OWnC+EaRMLfCbVUmmubTJfdgpfcSS2SCaT7b+Q+xi3l6CgoE+BsA==}

  '@codemirror/lang-php@6.0.1':
    resolution: {integrity: sha512-ublojMdw/PNWa7qdN5TMsjmqkNuTBD3k6ndZ4Z0S25SBAiweFGyY68AS3xNcIOlb6DDFDvKlinLQ40vSLqf8xA==}

  '@codemirror/lang-python@6.2.1':
    resolution: {integrity: sha512-IRjC8RUBhn9mGR9ywecNhB51yePWCGgvHfY1lWN/Mrp3cKuHr0isDKia+9HnvhiWNnMpbGhWrkhuWOc09exRyw==}

  '@codemirror/lang-rust@6.0.1':
    resolution: {integrity: sha512-344EMWFBzWArHWdZn/NcgkwMvZIWUR1GEBdwG8FEp++6o6vT6KL9V7vGs2ONsKxxFUPXKI0SPcWhyYyl2zPYxQ==}

  '@codemirror/lang-sass@6.0.2':
    resolution: {integrity: sha512-l/bdzIABvnTo1nzdY6U+kPAC51czYQcOErfzQ9zSm9D8GmNPD0WTW8st/CJwBTPLO8jlrbyvlSEcN20dc4iL0Q==}

  '@codemirror/lang-sql@6.8.0':
    resolution: {integrity: sha512-aGLmY4OwGqN3TdSx3h6QeA1NrvaYtF7kkoWR/+W7/JzB0gQtJ+VJxewlnE3+VImhA4WVlhmkJr109PefOOhjLg==}

  '@codemirror/lang-vue@0.1.3':
    resolution: {integrity: sha512-QSKdtYTDRhEHCfo5zOShzxCmqKJvgGrZwDQSdbvCRJ5pRLWBS7pD/8e/tH44aVQT6FKm0t6RVNoSUWHOI5vNug==}

  '@codemirror/lang-wast@6.0.2':
    resolution: {integrity: sha512-Imi2KTpVGm7TKuUkqyJ5NRmeFWF7aMpNiwHnLQe0x9kmrxElndyH0K6H/gXtWwY6UshMRAhpENsgfpSwsgmC6Q==}

  '@codemirror/lang-xml@6.1.0':
    resolution: {integrity: sha512-3z0blhicHLfwi2UgkZYRPioSgVTo9PV5GP5ducFH6FaHy0IAJRg+ixj5gTR1gnT/glAIC8xv4w2VL1LoZfs+Jg==}

  '@codemirror/lang-yaml@6.1.2':
    resolution: {integrity: sha512-dxrfG8w5Ce/QbT7YID7mWZFKhdhsaTNOYjOkSIMt1qmC4VQnXSDSYVHHHn8k6kJUfIhtLo8t1JJgltlxWdsITw==}

  '@codemirror/language@6.11.0':
    resolution: {integrity: sha512-A7+f++LodNNc1wGgoRDTt78cOwWm9KVezApgjOMp1W4hM0898nsqBXwF+sbePE7ZRcjN7Sa1Z5m2oN27XkmEjQ==}

  '@codemirror/lint@6.8.5':
    resolution: {integrity: sha512-s3n3KisH7dx3vsoeGMxsbRAgKe4O1vbrnKBClm99PU0fWxmxsx5rR2PfqQgIt+2MMJBHbiJ5rfIdLYfB9NNvsA==}

  '@codemirror/search@6.5.11':
    resolution: {integrity: sha512-KmWepDE6jUdL6n8cAAqIpRmLPBZ5ZKnicE8oGU/s3QrAVID+0VhLFrzUucVKHG5035/BSykhExDL/Xm7dHthiA==}

  '@codemirror/state@6.5.2':
    resolution: {integrity: sha512-FVqsPqtPWKVVL3dPSxy8wEF/ymIEuVzF1PK3VbUgrxXpJUSHQWWZz4JMToquRxnkw+36LTamCZG2iua2Ptq0fA==}

  '@codemirror/view@6.36.8':
    resolution: {integrity: sha512-yoRo4f+FdnD01fFt4XpfpMCcCAo9QvZOtbrXExn4SqzH32YC6LgzqxfLZw/r6Ge65xyY03mK/UfUqrVw1gFiFg==}

  '@lezer/common@1.2.3':
    resolution: {integrity: sha512-w7ojc8ejBqr2REPsWxJjrMFsA/ysDCFICn8zEOR9mrqzOu2amhITYuLD8ag6XZf0CFXDrhKqw7+tW8cX66NaDA==}

  '@lezer/cpp@1.1.3':
    resolution: {integrity: sha512-ykYvuFQKGsRi6IcE+/hCSGUhb/I4WPjd3ELhEblm2wS2cOznDFzO+ubK2c+ioysOnlZ3EduV+MVQFCPzAIoY3w==}

  '@lezer/css@1.2.1':
    resolution: {integrity: sha512-2F5tOqzKEKbCUNraIXc0f6HKeyKlmMWJnBB0i4XW6dJgssrZO/YlZ2pY5xgyqDleqqhiNJ3dQhbrV2aClZQMvg==}

  '@lezer/go@1.0.1':
    resolution: {integrity: sha512-xToRsYxwsgJNHTgNdStpcvmbVuKxTapV0dM0wey1geMMRc9aggoVyKgzYp41D2/vVOx+Ii4hmE206kvxIXBVXQ==}

  '@lezer/highlight@1.2.1':
    resolution: {integrity: sha512-Z5duk4RN/3zuVO7Jq0pGLJ3qynpxUVsh7IbUbGj88+uV2ApSAn6kWg2au3iJb+0Zi7kKtqffIESgNcRXWZWmSA==}

  '@lezer/html@1.3.10':
    resolution: {integrity: sha512-dqpT8nISx/p9Do3AchvYGV3qYc4/rKr3IBZxlHmpIKam56P47RSHkSF5f13Vu9hebS1jM0HmtJIwLbWz1VIY6w==}

  '@lezer/java@1.1.3':
    resolution: {integrity: sha512-yHquUfujwg6Yu4Fd1GNHCvidIvJwi/1Xu2DaKl/pfWIA2c1oXkVvawH3NyXhCaFx4OdlYBVX5wvz2f7Aoa/4Xw==}

  '@lezer/javascript@1.5.1':
    resolution: {integrity: sha512-ATOImjeVJuvgm3JQ/bpo2Tmv55HSScE2MTPnKRMRIPx2cLhHGyX2VnqpHhtIV1tVzIjZDbcWQm+NCTF40ggZVw==}

  '@lezer/json@1.0.3':
    resolution: {integrity: sha512-BP9KzdF9Y35PDpv04r0VeSTKDeox5vVr3efE7eBbx3r4s3oNLfunchejZhjArmeieBH+nVOpgIiBJpEAv8ilqQ==}

  '@lezer/lezer@1.1.2':
    resolution: {integrity: sha512-O8yw3CxPhzYHB1hvwbdozjnAslhhR8A5BH7vfEMof0xk3p+/DFDfZkA9Tde6J+88WgtwaHy4Sy6ThZSkaI0Evw==}

  '@lezer/lr@1.4.2':
    resolution: {integrity: sha512-pu0K1jCIdnQ12aWNaAVU5bzi7Bd1w54J3ECgANPmYLtQKP0HBj2cE/5coBD66MT10xbtIuUr7tg0Shbsvk0mDA==}

  '@lezer/markdown@1.4.3':
    resolution: {integrity: sha512-kfw+2uMrQ/wy/+ONfrH83OkdFNM0ye5Xq96cLlaCy7h5UT9FO54DU4oRoIc0CSBh5NWmWuiIJA7NGLMJbQ+Oxg==}

  '@lezer/php@1.0.2':
    resolution: {integrity: sha512-GN7BnqtGRpFyeoKSEqxvGvhJQiI4zkgmYnDk/JIyc7H7Ifc1tkPnUn/R2R8meH3h/aBf5rzjvU8ZQoyiNDtDrA==}

  '@lezer/python@1.1.18':
    resolution: {integrity: sha512-31FiUrU7z9+d/ElGQLJFXl+dKOdx0jALlP3KEOsGTex8mvj+SoE1FgItcHWK/axkxCHGUSpqIHt6JAWfWu9Rhg==}

  '@lezer/rust@1.0.2':
    resolution: {integrity: sha512-Lz5sIPBdF2FUXcWeCu1//ojFAZqzTQNRga0aYv6dYXqJqPfMdCAI0NzajWUd4Xijj1IKJLtjoXRPMvTKWBcqKg==}

  '@lezer/sass@1.1.0':
    resolution: {integrity: sha512-3mMGdCTUZ/84ArHOuXWQr37pnf7f+Nw9ycPUeKX+wu19b7pSMcZGLbaXwvD2APMBDOGxPmpK/O6S1v1EvLoqgQ==}

  '@lezer/xml@1.0.6':
    resolution: {integrity: sha512-CdDwirL0OEaStFue/66ZmFSeppuL6Dwjlk8qk153mSQwiSH/Dlri4GNymrNWnUmPl2Um7QfV1FO9KFUyX3Twww==}

  '@lezer/yaml@1.0.3':
    resolution: {integrity: sha512-GuBLekbw9jDBDhGur82nuwkxKQ+a3W5H0GfaAthDXcAu+XdpS43VlnxA9E9hllkpSP5ellRDKjLLj7Lu9Wr6xA==}

  '@marijn/find-cluster-break@1.0.2':
    resolution: {integrity: sha512-l0h88YhZFyKdXIFNfSWpyjStDjGHwZ/U7iobcK1cQQD8sejsONdQtTVU+1wVN1PBw40PiiHB1vA5S7VTfQiP9g==}

  '@noble/hashes@1.8.0':
    resolution: {integrity: sha512-jCs9ldd7NwzpgXDIf6P3+NrHh9/sD6CQdxHyjQI+h/6rDNo88ypBxxz45UDuZHz9r3tNz7N/VInSVoVdtXEI4A==}
    engines: {node: ^14.21.3 || >=16}

  '@types/node@20.17.48':
    resolution: {integrity: sha512-KpSfKOHPsiSC4IkZeu2LsusFwExAIVGkhG1KkbaBMLwau0uMhj0fCrvyg9ddM2sAvd+gtiBJLir4LAw1MNMIaw==}

  '@uiw/codemirror-theme-dracula@4.23.12':
    resolution: {integrity: sha512-ZTNKHvXCOdvXF62mLOkrumu5UeegK/Iip7lCwzW3ZdV4HgljDbnWshyLY6M8iLrjTI1QbYjVGJzt7J5lg5xgOA==}

  '@uiw/codemirror-theme-github@4.23.12':
    resolution: {integrity: sha512-yxgycQxA1fNVdrjIZ7H7pq+9Q+BeKLmD5oq5oOlw7kVJrnToOMBylv5oIWplVd2s2LFo47lIhWrVC9Ay3b6Baw==}

  '@uiw/codemirror-themes@4.23.12':
    resolution: {integrity: sha512-8etEByfS9yttFZW0rcWhdZc7/JXJKRWlU5lHmJCI3GydZNGCzydNA+HtK9nWKpJUndVc58Q2sqSC5OIcwq8y6A==}
    peerDependencies:
      '@codemirror/language': '>=6.0.0'
      '@codemirror/state': '>=6.0.0'
      '@codemirror/view': '>=6.0.0'

  base-x@4.0.1:
    resolution: {integrity: sha512-uAZ8x6r6S3aUM9rbHGVOIsR15U/ZSc82b3ymnCPsT45Gk1DDvhDPdIgB5MrhirZWt+5K0EEPQH985kNqZgNPFw==}

  bs58@5.0.0:
    resolution: {integrity: sha512-r+ihvQJvahgYT50JD05dyJNKlmmSlMoOGwn1lCcEzanPglg7TxYjioQUYehQ9mAR/+hOSd2jRc/Z2y5UxBymvQ==}

  bs58check@3.0.1:
    resolution: {integrity: sha512-hjuuJvoWEybo7Hn/0xOrczQKKEKD63WguEjlhLExYs2wUBcebDC1jDNK17eEAD2lYfw82d5ASC1d7K3SWszjaQ==}

  cbor-extract@2.2.0:
    resolution: {integrity: sha512-Ig1zM66BjLfTXpNgKpvBePq271BPOvu8MR0Jl080yG7Jsl+wAZunfrwiwA+9ruzm/WEdIV5QF/bjDZTqyAIVHA==}
    hasBin: true

  cbor-x@1.6.0:
    resolution: {integrity: sha512-0kareyRwHSkL6ws5VXHEf8uY1liitysCVJjlmhaLG+IXLqhSaOO+t63coaso7yjwEzWZzLy8fJo06gZDVQM9Qg==}

  codemirror@6.0.1:
    resolution: {integrity: sha512-J8j+nZ+CdWmIeFIGXEFbFPtpiYacFMDR8GlHK3IyHQJMCaVRfGx9NT+Hxivv1ckLWPvNdZqndbr/7lVhrf/Svg==}

  crelt@1.0.6:
    resolution: {integrity: sha512-VQ2MBenTq1fWZUH9DJNGti7kKv6EeAuYr3cLwxUWhIu1baTaXh4Ib5W2CqHVqib4/MqbYGJqiL3Zb8GJZr3l4g==}

  debug@4.4.1:
    resolution: {integrity: sha512-KcKCqiftBJcZr++7ykoDIEwSa3XWowTfNPo92BYxjXiyYEVrUQh2aLyhxBCwww+heortUFxEJYcRzosstTEBYQ==}
    engines: {node: '>=6.0'}
    peerDependencies:
      supports-color: '*'
    peerDependenciesMeta:
      supports-color:
        optional: true

  detect-libc@2.0.4:
    resolution: {integrity: sha512-3UDv+G9CsCKO1WKMGw9fwq/SWJYbI0c5Y7LU1AXYoDdbhE2AHQ6N6Nb34sG8Fj7T5APy8qXDCKuuIHd1BR0tVA==}
    engines: {node: '>=8'}

  eventemitter3@5.0.1:
    resolution: {integrity: sha512-GWkBvjiSZK87ELrYOSESUYeVIc9mvLLf/nXalMOS5dYrgZq9o5OVkbZAVM06CVxYsCwH9BDZFPlQTlPA1j4ahA==}

  fast-sha256@1.3.0:
    resolution: {integrity: sha512-n11RGP/lrWEFI/bWdygLxhI+pVeo1ZYIVwvvPkW7azl/rOy+F3HYRZ2K5zeE9mmkhQppyv9sQFx0JM9UabnpPQ==}

  isomorphic-ws@5.0.0:
    resolution: {integrity: sha512-muId7Zzn9ywDsyXgTIafTry2sV3nySZeUDe6YedVd1Hvuuep5AsIlqK+XefWpYTyJG5e503F2xIuT2lcU6rCSw==}
    peerDependencies:
      ws: '*'

  ms@2.1.3:
    resolution: {integrity: sha512-6FlzubTLZG3J2a/NVCAleEhjzq5oxgHyaCU9yYXvcLsvoVaHJq/s5xXI6/XXP6tz7R9xAOtHnSO/tXtF3WRTlA==}

  node-gyp-build-optional-packages@5.1.1:
    resolution: {integrity: sha512-+P72GAjVAbTxjjwUmwjVrqrdZROD4nf8KgpBoDxqXXTiYZZt/ud60dE5yvCSr9lRO8e8yv6kgJIC0K0PfZFVQw==}
    hasBin: true

  style-mod@4.1.2:
    resolution: {integrity: sha512-wnD1HyVqpJUI2+eKZ+eo1UwghftP6yuFheBqqe+bWCotBjC2K1YnteJILRMs3SM4V/0dLEW1SC27MWP5y+mwmw==}

  undici-types@6.19.8:
    resolution: {integrity: sha512-ve2KP6f/JnbPBFyobGHuerC9g1FYGn/F8n1LWTwNxCEzd6IfqTwUQcNXgEtmmQ6DlRrC1hrSrBnCZPokRrDHjw==}

  uuid@9.0.1:
    resolution: {integrity: sha512-b+1eJOlsR9K8HJpow9Ok3fiWOWSIcIzXodvv0rQjVoOVNpWMpxf1wZNpt4y9h10odCNrqnYp1OBzRktckBe3sA==}
    hasBin: true

  w3c-keyname@2.2.8:
    resolution: {integrity: sha512-dpojBhNsCNN7T82Tm7k26A6G9ML3NkhDsnw9n/eoxSRlVBB4CEtIQ/KTCLI2Fwf3ataSXRhYFkQi3SlnFwPvPQ==}

  ws@8.18.2:
    resolution: {integrity: sha512-DMricUmwGZUVr++AEAe2uiVM7UoO9MAVZMDu05UQOaUII0lp+zOzLLU4Xqh/JvTqklB1T4uELaaPBKyjE1r4fQ==}
    engines: {node: '>=10.0.0'}
    peerDependencies:
      bufferutil: ^4.0.1
      utf-8-validate: '>=5.0.2'
    peerDependenciesMeta:
      bufferutil:
        optional: true
      utf-8-validate:
        optional: true

  xstate@5.19.3:
    resolution: {integrity: sha512-q6sqD7LuontFVxQoGB7D6NkQRDLzs87qzQhUKvI0osKKK8xxktZBT7uwfisjh7Yi5VB2cN9NOpCSxJNpUPQCeg==}

snapshots:

  '@automerge/automerge-codemirror@0.1.0':
    dependencies:
      '@automerge/automerge': 2.2.9
      '@codemirror/state': 6.5.2
      '@codemirror/view': 6.36.8
      codemirror: 6.0.1

  '@automerge/automerge-repo-network-broadcastchannel@2.0.0':
    dependencies:
      '@automerge/automerge-repo': 2.0.0
    transitivePeerDependencies:
      - supports-color

  '@automerge/automerge-repo-network-messagechannel@2.0.0':
    dependencies:
      '@automerge/automerge-repo': 2.0.0
      debug: 4.4.1
      eventemitter3: 5.0.1
    transitivePeerDependencies:
      - supports-color

  '@automerge/automerge-repo-network-websocket@2.0.0':
    dependencies:
      '@automerge/automerge-repo': 2.0.0
      cbor-x: 1.6.0
      debug: 4.4.1
      eventemitter3: 5.0.1
      isomorphic-ws: 5.0.0(ws@8.18.2)
      ws: 8.18.2
    transitivePeerDependencies:
      - bufferutil
      - supports-color
      - utf-8-validate

  '@automerge/automerge-repo-storage-indexeddb@2.0.0':
    dependencies:
      '@automerge/automerge-repo': 2.0.0
    transitivePeerDependencies:
      - supports-color

  '@automerge/automerge-repo@2.0.0':
    dependencies:
      '@automerge/automerge': 2.2.9
      bs58check: 3.0.1
      cbor-x: 1.6.0
      debug: 4.4.1
      eventemitter3: 5.0.1
      fast-sha256: 1.3.0
      uuid: 9.0.1
      xstate: 5.19.3
    transitivePeerDependencies:
      - supports-color

  '@automerge/automerge@2.2.9':
    dependencies:
      uuid: 9.0.1

  '@automerge/automerge@3.0.0-beta.0': {}

  '@automerge/vanillajs@2.0.0':
    dependencies:
      '@automerge/automerge-repo': 2.0.0
      '@automerge/automerge-repo-network-broadcastchannel': 2.0.0
      '@automerge/automerge-repo-network-messagechannel': 2.0.0
      '@automerge/automerge-repo-network-websocket': 2.0.0
      '@automerge/automerge-repo-storage-indexeddb': 2.0.0
    transitivePeerDependencies:
      - bufferutil
      - supports-color
      - utf-8-validate

  '@cbor-extract/cbor-extract-darwin-arm64@2.2.0':
    optional: true

  '@cbor-extract/cbor-extract-darwin-x64@2.2.0':
    optional: true

  '@cbor-extract/cbor-extract-linux-arm64@2.2.0':
    optional: true

  '@cbor-extract/cbor-extract-linux-arm@2.2.0':
    optional: true

  '@cbor-extract/cbor-extract-linux-x64@2.2.0':
    optional: true

  '@cbor-extract/cbor-extract-win32-x64@2.2.0':
    optional: true

  '@codemirror/autocomplete@6.18.6':
    dependencies:
      '@codemirror/language': 6.11.0
      '@codemirror/state': 6.5.2
      '@codemirror/view': 6.36.8
      '@lezer/common': 1.2.3

  '@codemirror/commands@6.8.1':
    dependencies:
      '@codemirror/language': 6.11.0
      '@codemirror/state': 6.5.2
      '@codemirror/view': 6.36.8
      '@lezer/common': 1.2.3

  '@codemirror/lang-cpp@6.0.2':
    dependencies:
      '@codemirror/language': 6.11.0
      '@lezer/cpp': 1.1.3

  '@codemirror/lang-css@6.3.1':
    dependencies:
      '@codemirror/autocomplete': 6.18.6
      '@codemirror/language': 6.11.0
      '@codemirror/state': 6.5.2
      '@lezer/common': 1.2.3
      '@lezer/css': 1.2.1

  '@codemirror/lang-go@6.0.1':
    dependencies:
      '@codemirror/autocomplete': 6.18.6
      '@codemirror/language': 6.11.0
      '@codemirror/state': 6.5.2
      '@lezer/common': 1.2.3
      '@lezer/go': 1.0.1

  '@codemirror/lang-html@6.4.9':
    dependencies:
      '@codemirror/autocomplete': 6.18.6
      '@codemirror/lang-css': 6.3.1
      '@codemirror/lang-javascript': 6.2.4
      '@codemirror/language': 6.11.0
      '@codemirror/state': 6.5.2
      '@codemirror/view': 6.36.8
      '@lezer/common': 1.2.3
      '@lezer/css': 1.2.1
      '@lezer/html': 1.3.10

  '@codemirror/lang-java@6.0.1':
    dependencies:
      '@codemirror/language': 6.11.0
      '@lezer/java': 1.1.3

  '@codemirror/lang-javascript@6.2.4':
    dependencies:
      '@codemirror/autocomplete': 6.18.6
      '@codemirror/language': 6.11.0
      '@codemirror/lint': 6.8.5
      '@codemirror/state': 6.5.2
      '@codemirror/view': 6.36.8
      '@lezer/common': 1.2.3
      '@lezer/javascript': 1.5.1

  '@codemirror/lang-json@6.0.1':
    dependencies:
      '@codemirror/language': 6.11.0
      '@lezer/json': 1.0.3

  '@codemirror/lang-less@6.0.2':
    dependencies:
      '@codemirror/lang-css': 6.3.1
      '@codemirror/language': 6.11.0
      '@lezer/common': 1.2.3
      '@lezer/highlight': 1.2.1
      '@lezer/lr': 1.4.2

  '@codemirror/lang-lezer@6.0.1':
    dependencies:
      '@codemirror/language': 6.11.0
      '@codemirror/state': 6.5.2
      '@lezer/common': 1.2.3
      '@lezer/lezer': 1.1.2

  '@codemirror/lang-liquid@6.2.3':
    dependencies:
      '@codemirror/autocomplete': 6.18.6
      '@codemirror/lang-html': 6.4.9
      '@codemirror/language': 6.11.0
      '@codemirror/state': 6.5.2
      '@codemirror/view': 6.36.8
      '@lezer/common': 1.2.3
      '@lezer/highlight': 1.2.1
      '@lezer/lr': 1.4.2

  '@codemirror/lang-markdown@6.3.2':
    dependencies:
      '@codemirror/autocomplete': 6.18.6
      '@codemirror/lang-html': 6.4.9
      '@codemirror/language': 6.11.0
      '@codemirror/state': 6.5.2
      '@codemirror/view': 6.36.8
      '@lezer/common': 1.2.3
      '@lezer/markdown': 1.4.3

  '@codemirror/lang-php@6.0.1':
    dependencies:
      '@codemirror/lang-html': 6.4.9
      '@codemirror/language': 6.11.0
      '@codemirror/state': 6.5.2
      '@lezer/common': 1.2.3
      '@lezer/php': 1.0.2

  '@codemirror/lang-python@6.2.1':
    dependencies:
      '@codemirror/autocomplete': 6.18.6
      '@codemirror/language': 6.11.0
      '@codemirror/state': 6.5.2
      '@lezer/common': 1.2.3
      '@lezer/python': 1.1.18

  '@codemirror/lang-rust@6.0.1':
    dependencies:
      '@codemirror/language': 6.11.0
      '@lezer/rust': 1.0.2

  '@codemirror/lang-sass@6.0.2':
    dependencies:
      '@codemirror/lang-css': 6.3.1
      '@codemirror/language': 6.11.0
      '@codemirror/state': 6.5.2
      '@lezer/common': 1.2.3
      '@lezer/sass': 1.1.0

  '@codemirror/lang-sql@6.8.0':
    dependencies:
      '@codemirror/autocomplete': 6.18.6
      '@codemirror/language': 6.11.0
      '@codemirror/state': 6.5.2
      '@lezer/common': 1.2.3
      '@lezer/highlight': 1.2.1
      '@lezer/lr': 1.4.2

  '@codemirror/lang-vue@0.1.3':
    dependencies:
      '@codemirror/lang-html': 6.4.9
      '@codemirror/lang-javascript': 6.2.4
      '@codemirror/language': 6.11.0
      '@lezer/common': 1.2.3
      '@lezer/highlight': 1.2.1
      '@lezer/lr': 1.4.2

  '@codemirror/lang-wast@6.0.2':
    dependencies:
      '@codemirror/language': 6.11.0
      '@lezer/common': 1.2.3
      '@lezer/highlight': 1.2.1
      '@lezer/lr': 1.4.2

  '@codemirror/lang-xml@6.1.0':
    dependencies:
      '@codemirror/autocomplete': 6.18.6
      '@codemirror/language': 6.11.0
      '@codemirror/state': 6.5.2
      '@codemirror/view': 6.36.8
      '@lezer/common': 1.2.3
      '@lezer/xml': 1.0.6

  '@codemirror/lang-yaml@6.1.2':
    dependencies:
      '@codemirror/autocomplete': 6.18.6
      '@codemirror/language': 6.11.0
      '@codemirror/state': 6.5.2
      '@lezer/common': 1.2.3
      '@lezer/highlight': 1.2.1
      '@lezer/lr': 1.4.2
      '@lezer/yaml': 1.0.3

  '@codemirror/language@6.11.0':
    dependencies:
      '@codemirror/state': 6.5.2
      '@codemirror/view': 6.36.8
      '@lezer/common': 1.2.3
      '@lezer/highlight': 1.2.1
      '@lezer/lr': 1.4.2
      style-mod: 4.1.2

  '@codemirror/lint@6.8.5':
    dependencies:
      '@codemirror/state': 6.5.2
      '@codemirror/view': 6.36.8
      crelt: 1.0.6

  '@codemirror/search@6.5.11':
    dependencies:
      '@codemirror/state': 6.5.2
      '@codemirror/view': 6.36.8
      crelt: 1.0.6

  '@codemirror/state@6.5.2':
    dependencies:
      '@marijn/find-cluster-break': 1.0.2

  '@codemirror/view@6.36.8':
    dependencies:
      '@codemirror/state': 6.5.2
      style-mod: 4.1.2
      w3c-keyname: 2.2.8

  '@lezer/common@1.2.3': {}

  '@lezer/cpp@1.1.3':
    dependencies:
      '@lezer/common': 1.2.3
      '@lezer/highlight': 1.2.1
      '@lezer/lr': 1.4.2

  '@lezer/css@1.2.1':
    dependencies:
      '@lezer/common': 1.2.3
      '@lezer/highlight': 1.2.1
      '@lezer/lr': 1.4.2

  '@lezer/go@1.0.1':
    dependencies:
      '@lezer/common': 1.2.3
      '@lezer/highlight': 1.2.1
      '@lezer/lr': 1.4.2

  '@lezer/highlight@1.2.1':
    dependencies:
      '@lezer/common': 1.2.3

  '@lezer/html@1.3.10':
    dependencies:
      '@lezer/common': 1.2.3
      '@lezer/highlight': 1.2.1
      '@lezer/lr': 1.4.2

  '@lezer/java@1.1.3':
    dependencies:
      '@lezer/common': 1.2.3
      '@lezer/highlight': 1.2.1
      '@lezer/lr': 1.4.2

  '@lezer/javascript@1.5.1':
    dependencies:
      '@lezer/common': 1.2.3
      '@lezer/highlight': 1.2.1
      '@lezer/lr': 1.4.2

  '@lezer/json@1.0.3':
    dependencies:
      '@lezer/common': 1.2.3
      '@lezer/highlight': 1.2.1
      '@lezer/lr': 1.4.2

  '@lezer/lezer@1.1.2':
    dependencies:
      '@lezer/highlight': 1.2.1
      '@lezer/lr': 1.4.2

  '@lezer/lr@1.4.2':
    dependencies:
      '@lezer/common': 1.2.3

  '@lezer/markdown@1.4.3':
    dependencies:
      '@lezer/common': 1.2.3
      '@lezer/highlight': 1.2.1

  '@lezer/php@1.0.2':
    dependencies:
      '@lezer/common': 1.2.3
      '@lezer/highlight': 1.2.1
      '@lezer/lr': 1.4.2

  '@lezer/python@1.1.18':
    dependencies:
      '@lezer/common': 1.2.3
      '@lezer/highlight': 1.2.1
      '@lezer/lr': 1.4.2

  '@lezer/rust@1.0.2':
    dependencies:
      '@lezer/common': 1.2.3
      '@lezer/highlight': 1.2.1
      '@lezer/lr': 1.4.2

  '@lezer/sass@1.1.0':
    dependencies:
      '@lezer/common': 1.2.3
      '@lezer/highlight': 1.2.1
      '@lezer/lr': 1.4.2

  '@lezer/xml@1.0.6':
    dependencies:
      '@lezer/common': 1.2.3
      '@lezer/highlight': 1.2.1
      '@lezer/lr': 1.4.2

  '@lezer/yaml@1.0.3':
    dependencies:
      '@lezer/common': 1.2.3
      '@lezer/highlight': 1.2.1
      '@lezer/lr': 1.4.2

  '@marijn/find-cluster-break@1.0.2': {}

  '@noble/hashes@1.8.0': {}

  '@types/node@20.17.48':
    dependencies:
      undici-types: 6.19.8

  '@uiw/codemirror-theme-dracula@4.23.12(@codemirror/language@6.11.0)(@codemirror/state@6.5.2)(@codemirror/view@6.36.8)':
    dependencies:
      '@uiw/codemirror-themes': 4.23.12(@codemirror/language@6.11.0)(@codemirror/state@6.5.2)(@codemirror/view@6.36.8)
    transitivePeerDependencies:
      - '@codemirror/language'
      - '@codemirror/state'
      - '@codemirror/view'

  '@uiw/codemirror-theme-github@4.23.12(@codemirror/language@6.11.0)(@codemirror/state@6.5.2)(@codemirror/view@6.36.8)':
    dependencies:
      '@uiw/codemirror-themes': 4.23.12(@codemirror/language@6.11.0)(@codemirror/state@6.5.2)(@codemirror/view@6.36.8)
    transitivePeerDependencies:
      - '@codemirror/language'
      - '@codemirror/state'
      - '@codemirror/view'

  '@uiw/codemirror-themes@4.23.12(@codemirror/language@6.11.0)(@codemirror/state@6.5.2)(@codemirror/view@6.36.8)':
    dependencies:
      '@codemirror/language': 6.11.0
      '@codemirror/state': 6.5.2
      '@codemirror/view': 6.36.8

  base-x@4.0.1: {}

  bs58@5.0.0:
    dependencies:
      base-x: 4.0.1

  bs58check@3.0.1:
    dependencies:
      '@noble/hashes': 1.8.0
      bs58: 5.0.0

  cbor-extract@2.2.0:
    dependencies:
      node-gyp-build-optional-packages: 5.1.1
    optionalDependencies:
      '@cbor-extract/cbor-extract-darwin-arm64': 2.2.0
      '@cbor-extract/cbor-extract-darwin-x64': 2.2.0
      '@cbor-extract/cbor-extract-linux-arm': 2.2.0
      '@cbor-extract/cbor-extract-linux-arm64': 2.2.0
      '@cbor-extract/cbor-extract-linux-x64': 2.2.0
      '@cbor-extract/cbor-extract-win32-x64': 2.2.0
    optional: true

  cbor-x@1.6.0:
    optionalDependencies:
      cbor-extract: 2.2.0

  codemirror@6.0.1:
    dependencies:
      '@codemirror/autocomplete': 6.18.6
      '@codemirror/commands': 6.8.1
      '@codemirror/language': 6.11.0
      '@codemirror/lint': 6.8.5
      '@codemirror/search': 6.5.11
      '@codemirror/state': 6.5.2
      '@codemirror/view': 6.36.8

  crelt@1.0.6: {}

  debug@4.4.1:
    dependencies:
      ms: 2.1.3

  detect-libc@2.0.4:
    optional: true

  eventemitter3@5.0.1: {}

  fast-sha256@1.3.0: {}

  isomorphic-ws@5.0.0(ws@8.18.2):
    dependencies:
      ws: 8.18.2

  ms@2.1.3: {}

  node-gyp-build-optional-packages@5.1.1:
    dependencies:
      detect-libc: 2.0.4
    optional: true

  style-mod@4.1.2: {}

  undici-types@6.19.8: {}

  uuid@9.0.1: {}

  w3c-keyname@2.2.8: {}

  ws@8.18.2: {}

  xstate@5.19.3: {}
